
Microsoft Visual Studio Solution File, Format Version 12.00
# Visual Studio Version 17
VisualStudioVersion = 17.7.34221.43
MinimumVisualStudioVersion = 10.0.40219.1
Project("{FAE04EC0-301F-11D3-BF4B-00C04F79EFBC}") = "ConsoleAppDay9Assignment", "ConsoleAppDay9Assignment\ConsoleAppDay9Assignment.csproj", "{BEC43F99-F6EF-4650-B933-3B6ED795C0D4}"
EndProject
Global
	GlobalSection(SolutionConfigurationPlatforms) = preSolution
		Debug|Any CPU = Debug|Any CPU
		Release|Any CPU = Release|Any CPU
	EndGlobalSection
	GlobalSection(ProjectConfigurationPlatforms) = postSolution
		{BEC43F99-F6EF-4650-B933-3B6ED795C0D4}.Debug|Any CPU.ActiveCfg = Debug|Any CPU
		{BEC43F99-F6EF-4650-B933-3B6ED795C0D4}.Debug|Any CPU.Build.0 = Debug|Any CPU
		{BEC43F99-F6EF-4650-B933-3B6ED795C0D4}.Release|Any CPU.ActiveCfg = Release|Any CPU
		{BEC43F99-F6EF-4650-B933-3B6ED795C0D4}.Release|Any CPU.Build.0 = Release|Any CPU
	EndGlobalSection
	GlobalSection(SolutionProperties) = preSolution
		HideSolutionNode = FALSE
	EndGlobalSection
	GlobalSection(ExtensibilityGlobals) = postSolution
		SolutionGuid = {A42E1B84-1F1A-4116-9653-887BAA295E09}
	EndGlobalSection
EndGlobal
